
Microsoft Visual Studio Solution File, Format Version 12.00
# Visual Studio Version 16
VisualStudioVersion = 16.0.29728.190
MinimumVisualStudioVersion = 10.0.40219.1
Project("{9A19103F-16F7-4668-BE54-9A1E7A4F7556}") = "Matcha.API", "Matcha.API.csproj", "{1038B9C5-8580-41E0-AE1E-F95772EFC2D5}"
EndProject
Global
	GlobalSection(SolutionConfigurationPlatforms) = preSolution
		Debug|Any CPU = Debug|Any CPU
		Release|Any CPU = Release|Any CPU
	EndGlobalSection
	GlobalSection(ProjectConfigurationPlatforms) = postSolution
		{1038B9C5-8580-41E0-AE1E-F95772EFC2D5}.Debug|Any CPU.ActiveCfg = Debug|Any CPU
		{1038B9C5-8580-41E0-AE1E-F95772EFC2D5}.Debug|Any CPU.Build.0 = Debug|Any CPU
		{1038B9C5-8580-41E0-AE1E-F95772EFC2D5}.Release|Any CPU.ActiveCfg = Release|Any CPU
		{1038B9C5-8580-41E0-AE1E-F95772EFC2D5}.Release|Any CPU.Build.0 = Release|Any CPU
	EndGlobalSection
	GlobalSection(SolutionProperties) = preSolution
		HideSolutionNode = FALSE
	EndGlobalSection
	GlobalSection(ExtensibilityGlobals) = postSolution
		SolutionGuid = {CAFBB23F-69DF-4411-87AD-DCBDA6969758}
	EndGlobalSection
EndGlobal
